
Microsoft Visual Studio Solution File, Format Version 12.00
# Visual Studio Version 16
VisualStudioVersion = 16.0.31605.320
MinimumVisualStudioVersion = 10.0.40219.1
Project("{FAE04EC0-301F-11D3-BF4B-00C04F79EFBC}") = "ExercicioURI1007", "ExercicioURI1007\ExercicioURI1007.csproj", "{59BC0882-29F2-4712-8821-8FD6C888B5CA}"
EndProject
Global
	GlobalSection(SolutionConfigurationPlatforms) = preSolution
		Debug|Any CPU = Debug|Any CPU
		Release|Any CPU = Release|Any CPU
	EndGlobalSection
	GlobalSection(ProjectConfigurationPlatforms) = postSolution
		{59BC0882-29F2-4712-8821-8FD6C888B5CA}.Debug|Any CPU.ActiveCfg = Debug|Any CPU
		{59BC0882-29F2-4712-8821-8FD6C888B5CA}.Debug|Any CPU.Build.0 = Debug|Any CPU
		{59BC0882-29F2-4712-8821-8FD6C888B5CA}.Release|Any CPU.ActiveCfg = Release|Any CPU
		{59BC0882-29F2-4712-8821-8FD6C888B5CA}.Release|Any CPU.Build.0 = Release|Any CPU
	EndGlobalSection
	GlobalSection(SolutionProperties) = preSolution
		HideSolutionNode = FALSE
	EndGlobalSection
	GlobalSection(ExtensibilityGlobals) = postSolution
		SolutionGuid = {5FEB24EF-96E5-445A-B061-8FF42913DEB3}
	EndGlobalSection
EndGlobal
